Microsoft Visual Studio Solution File, Format Version 12.00
# Visual Studio 2012
Project("{FAE04EC0-301F-11D3-BF4B-00C04F79EFBC}") = "RPG Databases", "RPG Databases.csproj", "{CA9380EC-F8E6-4857-98C7-9B9641726EE3}"
EndProject
Global
	GlobalSection(SolutionConfigurationPlatforms) = preSolution
	Debug|Any CPU = Debug|Any CPU
	ExportDebug|Any CPU = ExportDebug|Any CPU
	ExportRelease|Any CPU = ExportRelease|Any CPU
	EndGlobalSection
	GlobalSection(ProjectConfigurationPlatforms) = postSolution
		{CA9380EC-F8E6-4857-98C7-9B9641726EE3}.Debug|Any CPU.ActiveCfg = Debug|Any CPU
		{CA9380EC-F8E6-4857-98C7-9B9641726EE3}.Debug|Any CPU.Build.0 = Debug|Any CPU
		{CA9380EC-F8E6-4857-98C7-9B9641726EE3}.ExportDebug|Any CPU.ActiveCfg = ExportDebug|Any CPU
		{CA9380EC-F8E6-4857-98C7-9B9641726EE3}.ExportDebug|Any CPU.Build.0 = ExportDebug|Any CPU
		{CA9380EC-F8E6-4857-98C7-9B9641726EE3}.ExportRelease|Any CPU.ActiveCfg = ExportRelease|Any CPU
		{CA9380EC-F8E6-4857-98C7-9B9641726EE3}.ExportRelease|Any CPU.Build.0 = ExportRelease|Any CPU
	EndGlobalSection
EndGlobal
